// !$*UTF8*$!
{
	archiveVersion = 1;
	classes = {
	};
	objectVersion = 56;
	objects = {

/* Begin PBXBuildFile section */
		66DD899B2A7A2D2D009D62F5 /* iOSAdMobApp.swift in Sources */ = {isa = PBXBuildFile; fileRef = 66DD899A2A7A2D2D009D62F5 /* iOSAdMobApp.swift */; };
		66DD899D2A7A2D2D009D62F5 /* ContentView.swift in Sources */ = {isa = PBXBuildFile; fileRef = 66DD899C2A7A2D2D009D62F5 /* ContentView.swift */; };
		66DD899F2A7A2D2F009D62F5 /* Assets.xcassets in Resources */ = {isa = PBXBuildFile; fileRef = 66DD899E2A7A2D2F009D62F5 /* Assets.xcassets */; };
		66DD89A22A7A2D2F009D62F5 /* Preview Assets.xcassets in Resources */ = {isa = PBXBuildFile; fileRef = 66DD89A12A7A2D2F009D62F5 /* Preview Assets.xcassets */; };
		71A9778D5CA3081E85FCE738 /* Pods_iOSAdMob.framework in Frameworks */ = {isa = PBXBuildFile; fileRef = A63954138C4CD17B921604BC /* Pods_iOSAdMob.framework */; };
		A8FEB5AA92661160D9AEE152 /* InterstitialAdCoordinator.swift in Sources */ = {isa = PBXBuildFile; fileRef = A8FEB0A8E82A21591E4289E8 /* InterstitialAdCoordinator.swift */; };
		A8FEB9546A2A544C0272BFCF /* AddViewControllerRepresentable.swift in Sources */ = {isa = PBXBuildFile; fileRef = A8FEB58D3DA27FE4A87CF889 /* AddViewControllerRepresentable.swift */; };
		A8FEB9F142637419A261FB06 /* BannerViewControllerWidthDelegate.swift in Sources */ = {isa = PBXBuildFile; fileRef = A8FEBDE44211829FCE5F7BFB /* BannerViewControllerWidthDelegate.swift */; };
/* End PBXBuildFile section */

/* Begin PBXFileReference section */
		66DD89972A7A2D2D009D62F5 /* iOSAdMob.app */ = {isa = PBXFileReference; explicitFileType = wrapper.application; includeInIndex = 0; path = iOSAdMob.app; sourceTree = BUILT_PRODUCTS_DIR; };
		66DD899A2A7A2D2D009D62F5 /* iOSAdMobApp.swift */ = {isa = PBXFileReference; lastKnownFileType = sourcecode.swift; path = iOSAdMobApp.swift; sourceTree = "<group>"; };
		66DD899C2A7A2D2D009D62F5 /* ContentView.swift */ = {isa = PBXFileReference; lastKnownFileType = sourcecode.swift; path = ContentView.swift; sourceTree = "<group>"; };
		66DD899E2A7A2D2F009D62F5 /* Assets.xcassets */ = {isa = PBXFileReference; lastKnownFileType = folder.assetcatalog; path = Assets.xcassets; sourceTree = "<group>"; };
		66DD89A12A7A2D2F009D62F5 /* Preview Assets.xcassets */ = {isa = PBXFileReference; lastKnownFileType = folder.assetcatalog; path = "Preview Assets.xcassets"; sourceTree = "<group>"; };
		66DD89A82A7A2F6B009D62F5 /* Info.plist */ = {isa = PBXFileReference; lastKnownFileType = text.plist; path = Info.plist; sourceTree = "<group>"; };
		935F08508611DDDA54B56827 /* Pods-iOSAdMob.release.xcconfig */ = {isa = PBXFileReference; includeInIndex = 1; lastKnownFileType = text.xcconfig; name = "Pods-iOSAdMob.release.xcconfig"; path = "Target Support Files/Pods-iOSAdMob/Pods-iOSAdMob.release.xcconfig"; sourceTree = "<group>"; };
		A30BDB63BEA87AC9E7461355 /* Pods-iOSAdMob.debug.xcconfig */ = {isa = PBXFileReference; includeInIndex = 1; lastKnownFileType = text.xcconfig; name = "Pods-iOSAdMob.debug.xcconfig"; path = "Target Support Files/Pods-iOSAdMob/Pods-iOSAdMob.debug.xcconfig"; sourceTree = "<group>"; };
		A63954138C4CD17B921604BC /* Pods_iOSAdMob.framework */ = {isa = PBXFileReference; explicitFileType = wrapper.framework; includeInIndex = 0; path = Pods_iOSAdMob.framework; sourceTree = BUILT_PRODUCTS_DIR; };
		A8FEB0A8E82A21591E4289E8 /* InterstitialAdCoordinator.swift */ = {isa = PBXFileReference; fileEncoding = 4; lastKnownFileType = sourcecode.swift; path = InterstitialAdCoordinator.swift; sourceTree = "<group>"; };
		A8FEB58D3DA27FE4A87CF889 /* AddViewControllerRepresentable.swift */ = {isa = PBXFileReference; fileEncoding = 4; lastKnownFileType = sourcecode.swift; path = AddViewControllerRepresentable.swift; sourceTree = "<group>"; };
		A8FEBDE44211829FCE5F7BFB /* BannerViewControllerWidthDelegate.swift */ = {isa = PBXFileReference; fileEncoding = 4; lastKnownFileType = sourcecode.swift; path = BannerViewControllerWidthDelegate.swift; sourceTree = "<group>"; };
/* End PBXFileReference section */

/* Begin PBXFrameworksBuildPhase section */
		66DD89942A7A2D2D009D62F5 /* Frameworks */ = {
			isa = PBXFrameworksBuildPhase;
			buildActionMask = 2147483647;
			files = (
				71A9778D5CA3081E85FCE738 /* Pods_iOSAdMob.framework in Frameworks */,
			);
			runOnlyForDeploymentPostprocessing = 0;
		};
/* End PBXFrameworksBuildPhase section */

/* Begin PBXGroup section */
		1CE00BAEEA46501EF106D363 /* Pods */ = {
			isa = PBXGroup;
			children = (
				A30BDB63BEA87AC9E7461355 /* Pods-iOSAdMob.debug.xcconfig */,
				935F08508611DDDA54B56827 /* Pods-iOSAdMob.release.xcconfig */,
			);
			path = Pods;
			sourceTree = "<group>";
		};
		4CD001E4A9F2E0E4302AF192 /* Frameworks */ = {
			isa = PBXGroup;
			children = (
				A63954138C4CD17B921604BC /* Pods_iOSAdMob.framework */,
			);
			name = Frameworks;
			sourceTree = "<group>";
		};
		66DD898E2A7A2D2D009D62F5 = {
			isa = PBXGroup;
			children = (
				66DD89992A7A2D2D009D62F5 /* iOSAdMob */,
				66DD89982A7A2D2D009D62F5 /* Products */,
				1CE00BAEEA46501EF106D363 /* Pods */,
				4CD001E4A9F2E0E4302AF192 /* Frameworks */,
			);
			sourceTree = "<group>";
		};
		66DD89982A7A2D2D009D62F5 /* Products */ = {
			isa = PBXGroup;
			children = (
				66DD89972A7A2D2D009D62F5 /* iOSAdMob.app */,
			);
			name = Products;
			sourceTree = "<group>";
		};
		66DD89992A7A2D2D009D62F5 /* iOSAdMob */ = {
			isa = PBXGroup;
			children = (
				66DD89A82A7A2F6B009D62F5 /* Info.plist */,
				66DD899A2A7A2D2D009D62F5 /* iOSAdMobApp.swift */,
				66DD899C2A7A2D2D009D62F5 /* ContentView.swift */,
				66DD899E2A7A2D2F009D62F5 /* Assets.xcassets */,
				66DD89A02A7A2D2F009D62F5 /* Preview Content */,
				A8FEB0A8E82A21591E4289E8 /* InterstitialAdCoordinator.swift */,
				A8FEB58D3DA27FE4A87CF889 /* AddViewControllerRepresentable.swift */,
				A8FEBDE44211829FCE5F7BFB /* BannerViewControllerWidthDelegate.swift */,
			);
			path = iOSAdMob;
			sourceTree = "<group>";
		};
		66DD89A02A7A2D2F009D62F5 /* Preview Content */ = {
			isa = PBXGroup;
			children = (
				66DD89A12A7A2D2F009D62F5 /* Preview Assets.xcassets */,
			);
			path = "Preview Content";
			sourceTree = "<group>";
		};
/* End PBXGroup section */

/* Begin PBXNativeTarget section */
		66DD89962A7A2D2D009D62F5 /* iOSAdMob */ = {
			isa = PBXNativeTarget;
			buildConfigurationList = 66DD89A52A7A2D2F009D62F5 /* Build configuration list for PBXNativeTarget "iOSAdMob" */;
			buildPhases = (
				71AAC1BDC2A4BC4993FD2F3F /* [CP] Check Pods Manifest.lock */,
				66DD89932A7A2D2D009D62F5 /* Sources */,
				66DD89942A7A2D2D009D62F5 /* Frameworks */,
				66DD89952A7A2D2D009D62F5 /* Resources */,
				AF9CF8C517597AAE00C21778 /* [CP] Embed Pods Frameworks */,
			);
			buildRules = (
			);
			dependencies = (
			);
			name = iOSAdMob;
			productName = iOSAdMob;
			productReference = 66DD89972A7A2D2D009D62F5 /* iOSAdMob.app */;
			productType = "com.apple.product-type.application";
		};
/* End PBXNativeTarget section */

/* Begin PBXProject section */
		66DD898F2A7A2D2D009D62F5 /* Project object */ = {
			isa = PBXProject;
			attributes = {
				BuildIndependentTargetsInParallel = 1;
				LastSwiftUpdateCheck = 1430;
				LastUpgradeCheck = 1430;
				TargetAttributes = {
					66DD89962A7A2D2D009D62F5 = {
						CreatedOnToolsVersion = 14.3.1;
					};
				};
			};
			buildConfigurationList = 66DD89922A7A2D2D009D62F5 /* Build configuration list for PBXProject "iOSAdMob" */;
			compatibilityVersion = "Xcode 14.0";
			developmentRegion = en;
			hasScannedForEncodings = 0;
			knownRegions = (
				en,
				Base,
			);
			mainGroup = 66DD898E2A7A2D2D009D62F5;
			productRefGroup = 66DD89982A7A2D2D009D62F5 /* Products */;
			projectDirPath = "";
			projectRoot = "";
			targets = (
				66DD89962A7A2D2D009D62F5 /* iOSAdMob */,
			);
		};
/* End PBXProject section */

/* Begin PBXResourcesBuildPhase section */
		66DD89952A7A2D2D009D62F5 /* Resources */ = {
			isa = PBXResourcesBuildPhase;
			buildActionMask = 2147483647;
			files = (
				66DD89A22A7A2D2F009D62F5 /* Preview Assets.xcassets in Resources */,
				66DD899F2A7A2D2F009D62F5 /* Assets.xcassets in Resources */,
			);
			runOnlyForDeploymentPostprocessing = 0;
		};
/* End PBXResourcesBuildPhase section */

/* Begin PBXShellScriptBuildPhase section */
		71AAC1BDC2A4BC4993FD2F3F /* [CP] Check Pods Manifest.lock */ = {
			isa = PBXShellScriptBuildPhase;
			buildActionMask = 2147483647;
			files = (
			);
			inputFileListPaths = (
			);
			inputPaths = (
				"${PODS_PODFILE_DIR_PATH}/Podfile.lock",
				"${PODS_ROOT}/Manifest.lock",
			);
			name = "[CP] Check Pods Manifest.lock";
			outputFileListPaths = (
			);
			outputPaths = (
				"$(DERIVED_FILE_DIR)/Pods-iOSAdMob-checkManifestLockResult.txt",
			);
			runOnlyForDeploymentPostprocessing = 0;
			shellPath = /bin/sh;
			shellScript = "diff \"${PODS_PODFILE_DIR_PATH}/Podfile.lock\" \"${PODS_ROOT}/Manifest.lock\" > /dev/null\nif [ $? != 0 ] ; then\n    # print error to STDERR\n    echo \"error: The sandbox is not in sync with the Podfile.lock. Run 'pod install' or update your CocoaPods installation.\" >&2\n    exit 1\nfi\n# This output is used by Xcode 'outputs' to avoid re-running this script phase.\necho \"SUCCESS\" > \"${SCRIPT_OUTPUT_FILE_0}\"\n";
			showEnvVarsInLog = 0;
		};
		AF9CF8C517597AAE00C21778 /* [CP] Embed Pods Frameworks */ = {
			isa = PBXShellScriptBuildPhase;
			buildActionMask = 2147483647;
			files = (
			);
			inputFileListPaths = (
				"${PODS_ROOT}/Target Support Files/Pods-iOSAdMob/Pods-iOSAdMob-frameworks-${CONFIGURATION}-input-files.xcfilelist",
			);
			name = "[CP] Embed Pods Frameworks";
			outputFileListPaths = (
				"${PODS_ROOT}/Target Support Files/Pods-iOSAdMob/Pods-iOSAdMob-frameworks-${CONFIGURATION}-output-files.xcfilelist",
			);
			runOnlyForDeploymentPostprocessing = 0;
			shellPath = /bin/sh;
			shellScript = "\"${PODS_ROOT}/Target Support Files/Pods-iOSAdMob/Pods-iOSAdMob-frameworks.sh\"\n";
			showEnvVarsInLog = 0;
		};
/* End PBXShellScriptBuildPhase section */

/* Begin PBXSourcesBuildPhase section */
		66DD89932A7A2D2D009D62F5 /* Sources */ = {
			isa = PBXSourcesBuildPhase;
			buildActionMask = 2147483647;
			files = (
				66DD899D2A7A2D2D009D62F5 /* ContentView.swift in Sources */,
				66DD899B2A7A2D2D009D62F5 /* iOSAdMobApp.swift in Sources */,
				A8FEB5AA92661160D9AEE152 /* InterstitialAdCoordinator.swift in Sources */,
				A8FEB9546A2A544C0272BFCF /* AddViewControllerRepresentable.swift in Sources */,
				A8FEB9F142637419A261FB06 /* BannerViewControllerWidthDelegate.swift in Sources */,
			);
			runOnlyForDeploymentPostprocessing = 0;
		};
/* End PBXSourcesBuildPhase section */

/* Begin XCBuildConfiguration section */
		66DD89A32A7A2D2F009D62F5 /* Debug */ = {
			isa = XCBuildConfiguration;
			buildSettings = {
				ALWAYS_SEARCH_USER_PATHS = NO;
				CLANG_ANALYZER_NONNULL = YES;
				CLANG_ANALYZER_NUMBER_OBJECT_CONVERSION = YES_AGGRESSIVE;
				CLANG_CXX_LANGUAGE_STANDARD = "gnu++20";
				CLANG_ENABLE_MODULES = YES;
				CLANG_ENABLE_OBJC_ARC = YES;
				CLANG_ENABLE_OBJC_WEAK = YES;
				CLANG_WARN_BLOCK_CAPTURE_AUTORELEASING = YES;
				CLANG_WARN_BOOL_CONVERSION = YES;
				CLANG_WARN_COMMA = YES;
				CLANG_WARN_CONSTANT_CONVERSION = YES;
				CLANG_WARN_DEPRECATED_OBJC_IMPLEMENTATIONS = YES;
				CLANG_WARN_DIRECT_OBJC_ISA_USAGE = YES_ERROR;
				CLANG_WARN_DOCUMENTATION_COMMENTS = YES;
				CLANG_WARN_EMPTY_BODY = YES;
				CLANG_WARN_ENUM_CONVERSION = YES;
				CLANG_WARN_INFINITE_RECURSION = YES;
				CLANG_WARN_INT_CONVERSION = YES;
				CLANG_WARN_NON_LITERAL_NULL_CONVERSION = YES;
				CLANG_WARN_OBJC_IMPLICIT_RETAIN_SELF = YES;
				CLANG_WARN_OBJC_LITERAL_CONVERSION = YES;
				CLANG_WARN_OBJC_ROOT_CLASS = YES_ERROR;
				CLANG_WARN_QUOTED_INCLUDE_IN_FRAMEWORK_HEADER = YES;
				CLANG_WARN_RANGE_LOOP_ANALYSIS = YES;
				CLANG_WARN_STRICT_PROTOTYPES = YES;
				CLANG_WARN_SUSPICIOUS_MOVE = YES;
				CLANG_WARN_UNGUARDED_AVAILABILITY = YES_AGGRESSIVE;
				CLANG_WARN_UNREACHABLE_CODE = YES;
				CLANG_WARN__DUPLICATE_METHOD_MATCH = YES;
				COPY_PHASE_STRIP = NO;
				DEBUG_INFORMATION_FORMAT = dwarf;
				ENABLE_STRICT_OBJC_MSGSEND = YES;
				ENABLE_TESTABILITY = YES;
				GCC_C_LANGUAGE_STANDARD = gnu11;
				GCC_DYNAMIC_NO_PIC = NO;
				GCC_NO_COMMON_BLOCKS = YES;
				GCC_OPTIMIZATION_LEVEL = 0;
				GCC_PREPROCESSOR_DEFINITIONS = (
					"DEBUG=1",
					"$(inherited)",
				);
				GCC_WARN_64_TO_32_BIT_CONVERSION = YES;
				GCC_WARN_ABOUT_RETURN_TYPE = YES_ERROR;
				GCC_WARN_UNDECLARED_SELECTOR = YES;
				GCC_WARN_UNINITIALIZED_AUTOS = YES_AGGRESSIVE;
				GCC_WARN_UNUSED_FUNCTION = YES;
				GCC_WARN_UNUSED_VARIABLE = YES;
				IPHONEOS_DEPLOYMENT_TARGET = 16.4;
				MTL_ENABLE_DEBUG_INFO = INCLUDE_SOURCE;
				MTL_FAST_MATH = YES;
				ONLY_ACTIVE_ARCH = YES;
				SDKROOT = iphoneos;
				SWIFT_ACTIVE_COMPILATION_CONDITIONS = DEBUG;
				SWIFT_OPTIMIZATION_LEVEL = "-Onone";
			};
			name = Debug;
		};
		66DD89A42A7A2D2F009D62F5 /* Release */ = {
			isa = XCBuildConfiguration;
			buildSettings = {
				ALWAYS_SEARCH_USER_PATHS = NO;
				CLANG_ANALYZER_NONNULL = YES;
				CLANG_ANALYZER_NUMBER_OBJECT_CONVERSION = YES_AGGRESSIVE;
				CLANG_CXX_LANGUAGE_STANDARD = "gnu++20";
				CLANG_ENABLE_MODULES = YES;
				CLANG_ENABLE_OBJC_ARC = YES;
				CLANG_ENABLE_OBJC_WEAK = YES;
				CLANG_WARN_BLOCK_CAPTURE_AUTORELEASING = YES;
				CLANG_WARN_BOOL_CONVERSION = YES;
				CLANG_WARN_COMMA = YES;
				CLANG_WARN_CONSTANT_CONVERSION = YES;
				CLANG_WARN_DEPRECATED_OBJC_IMPLEMENTATIONS = YES;
				CLANG_WARN_DIRECT_OBJC_ISA_USAGE = YES_ERROR;
				CLANG_WARN_DOCUMENTATION_COMMENTS = YES;
				CLANG_WARN_EMPTY_BODY = YES;
				CLANG_WARN_ENUM_CONVERSION = YES;
				CLANG_WARN_INFINITE_RECURSION = YES;
				CLANG_WARN_INT_CONVERSION = YES;
				CLANG_WARN_NON_LITERAL_NULL_CONVERSION = YES;
				CLANG_WARN_OBJC_IMPLICIT_RETAIN_SELF = YES;
				CLANG_WARN_OBJC_LITERAL_CONVERSION = YES;
				CLANG_WARN_OBJC_ROOT_CLASS = YES_ERROR;
				CLANG_WARN_QUOTED_INCLUDE_IN_FRAMEWORK_HEADER = YES;
				CLANG_WARN_RANGE_LOOP_ANALYSIS = YES;
				CLANG_WARN_STRICT_PROTOTYPES = YES;
				CLANG_WARN_SUSPICIOUS_MOVE = YES;
				CLANG_WARN_UNGUARDED_AVAILABILITY = YES_AGGRESSIVE;
				CLANG_WARN_UNREACHABLE_CODE = YES;
				CLANG_WARN__DUPLICATE_METHOD_MATCH = YES;
				COPY_PHASE_STRIP = NO;
				DEBUG_INFORMATION_FORMAT = "dwarf-with-dsym";
				ENABLE_NS_ASSERTIONS = NO;
				ENABLE_STRICT_OBJC_MSGSEND = YES;
				GCC_C_LANGUAGE_STANDARD = gnu11;
				GCC_NO_COMMON_BLOCKS = YES;
				GCC_WARN_64_TO_32_BIT_CONVERSION = YES;
				GCC_WARN_ABOUT_RETURN_TYPE = YES_ERROR;
				GCC_WARN_UNDECLARED_SELECTOR = YES;
				GCC_WARN_UNINITIALIZED_AUTOS = YES_AGGRESSIVE;
				GCC_WARN_UNUSED_FUNCTION = YES;
				GCC_WARN_UNUSED_VARIABLE = YES;
				IPHONEOS_DEPLOYMENT_TARGET = 16.4;
				MTL_ENABLE_DEBUG_INFO = NO;
				MTL_FAST_MATH = YES;
				SDKROOT = iphoneos;
				SWIFT_COMPILATION_MODE = wholemodule;
				SWIFT_OPTIMIZATION_LEVEL = "-O";
				VALIDATE_PRODUCT = YES;
			};
			name = Release;
		};
		66DD89A62A7A2D2F009D62F5 /* Debug */ = {
			isa = XCBuildConfiguration;
			baseConfigurationReference = A30BDB63BEA87AC9E7461355 /* Pods-iOSAdMob.debug.xcconfig */;
			buildSettings = {
				ASSETCATALOG_COMPILER_APPICON_NAME = AppIcon;
				ASSETCATALOG_COMPILER_GLOBAL_ACCENT_COLOR_NAME = AccentColor;
				CODE_SIGN_STYLE = Automatic;
				CURRENT_PROJECT_VERSION = 1;
				DEVELOPMENT_ASSET_PATHS = "\"iOSAdMob/Preview Content\"";
				DEVELOPMENT_TEAM = TT6BBTBYB4;
				ENABLE_PREVIEWS = YES;
				GENERATE_INFOPLIST_FILE = YES;
				INFOPLIST_FILE = iOSAdMob/Info.plist;
				INFOPLIST_KEY_UIApplicationSceneManifest_Generation = YES;
				INFOPLIST_KEY_UIApplicationSupportsIndirectInputEvents = YES;
				INFOPLIST_KEY_UILaunchScreen_Generation = YES;
				INFOPLIST_KEY_UISupportedInterfaceOrientations_iPad = "UIInterfaceOrientationPortrait UIInterfaceOrientationPortraitUpsideDown UIInterfaceOrientationLandscapeLeft UIInterfaceOrientationLandscapeRight";
				INFOPLIST_KEY_UISupportedInterfaceOrientations_iPhone = "UIInterfaceOrientationPortrait UIInterfaceOrientationLandscapeLeft UIInterfaceOrientationLandscapeRight";
				LD_RUNPATH_SEARCH_PATHS = (
					"$(inherited)",
					"@executable_path/Frameworks",
				);
				MARKETING_VERSION = 1.0;
				PRODUCT_BUNDLE_IDENTIFIER = com.kroncoders.iOSAdMob;
				PRODUCT_NAME = "$(TARGET_NAME)";
				SWIFT_EMIT_LOC_STRINGS = YES;
				SWIFT_VERSION = 5.0;
				TARGETED_DEVICE_FAMILY = "1,2";
			};
			name = Debug;
		};
		66DD89A72A7A2D2F009D62F5 /* Release */ = {
			isa = XCBuildConfiguration;
			baseConfigurationReference = 935F08508611DDDA54B56827 /* Pods-iOSAdMob.release.xcconfig */;
			buildSettings = {
				ASSETCATALOG_COMPILER_APPICON_NAME = AppIcon;
				ASSETCATALOG_COMPILER_GLOBAL_ACCENT_COLOR_NAME = AccentColor;
				CODE_SIGN_STYLE = Automatic;
				CURRENT_PROJECT_VERSION = 1;
				DEVELOPMENT_ASSET_PATHS = "\"iOSAdMob/Preview Content\"";
				DEVELOPMENT_TEAM = TT6BBTBYB4;
				ENABLE_PREVIEWS = YES;
				GENERATE_INFOPLIST_FILE = YES;
				INFOPLIST_FILE = iOSAdMob/Info.plist;
				INFOPLIST_KEY_UIApplicationSceneManifest_Generation = YES;
				INFOPLIST_KEY_UIApplicationSupportsIndirectInputEvents = YES;
				INFOPLIST_KEY_UILaunchScreen_Generation = YES;
				INFOPLIST_KEY_UISupportedInterfaceOrientations_iPad = "UIInterfaceOrientationPortrait UIInterfaceOrientationPortraitUpsideDown UIInterfaceOrientationLandscapeLeft UIInterfaceOrientationLandscapeRight";
				INFOPLIST_KEY_UISupportedInterfaceOrientations_iPhone = "UIInterfaceOrientationPortrait UIInterfaceOrientationLandscapeLeft UIInterfaceOrientationLandscapeRight";
				LD_RUNPATH_SEARCH_PATHS = (
					"$(inherited)",
					"@executable_path/Frameworks",
				);
				MARKETING_VERSION = 1.0;
				PRODUCT_BUNDLE_IDENTIFIER = com.kroncoders.iOSAdMob;
				PRODUCT_NAME = "$(TARGET_NAME)";
				SWIFT_EMIT_LOC_STRINGS = YES;
				SWIFT_VERSION = 5.0;
				TARGETED_DEVICE_FAMILY = "1,2";
			};
			name = Release;
		};
/* End XCBuildConfiguration section */

/* Begin XCConfigurationList section */
		66DD89922A7A2D2D009D62F5 /* Build configuration list for PBXProject "iOSAdMob" */ = {
			isa = XCConfigurationList;
			buildConfigurations = (
				66DD89A32A7A2D2F009D62F5 /* Debug */,
				66DD89A42A7A2D2F009D62F5 /* Release */,
			);
			defaultConfigurationIsVisible = 0;
			defaultConfigurationName = Release;
		};
		66DD89A52A7A2D2F009D62F5 /* Build configuration list for PBXNativeTarget "iOSAdMob" */ = {
			isa = XCConfigurationList;
			buildConfigurations = (
				66DD89A62A7A2D2F009D62F5 /* Debug */,
				66DD89A72A7A2D2F009D62F5 /* Release */,
			);
			defaultConfigurationIsVisible = 0;
			defaultConfigurationName = Release;
		};
/* End XCConfigurationList section */
	};
	rootObject = 66DD898F2A7A2D2D009D62F5 /* Project object */;
}
